
Microsoft Visual Studio Solution File, Format Version 12.00
# Visual Studio Version 17
VisualStudioVersion = 17.4.33205.214
MinimumVisualStudioVersion = 10.0.40219.1
Project("{FAE04EC0-301F-11D3-BF4B-00C04F79EFBC}") = "WorkForceManagement.Web", "WorkForceManagement.Web\WorkForceManagement.Web.csproj", "{C262383A-7B37-4924-B6BF-25797836733D}"
EndProject
Global
	GlobalSection(SolutionConfigurationPlatforms) = preSolution
		Debug|Any CPU = Debug|Any CPU
		Release|Any CPU = Release|Any CPU
	EndGlobalSection
	GlobalSection(ProjectConfigurationPlatforms) = postSolution
		{C262383A-7B37-4924-B6BF-25797836733D}.Debug|Any CPU.ActiveCfg = Debug|Any CPU
		{C262383A-7B37-4924-B6BF-25797836733D}.Debug|Any CPU.Build.0 = Debug|Any CPU
		{C262383A-7B37-4924-B6BF-25797836733D}.Release|Any CPU.ActiveCfg = Release|Any CPU
		{C262383A-7B37-4924-B6BF-25797836733D}.Release|Any CPU.Build.0 = Release|Any CPU
	EndGlobalSection
	GlobalSection(SolutionProperties) = preSolution
		HideSolutionNode = FALSE
	EndGlobalSection
	GlobalSection(ExtensibilityGlobals) = postSolution
		SolutionGuid = {8B918BCA-164E-4C3F-86BF-11453AAE57B1}
	EndGlobalSection
EndGlobal
